
Microsoft Visual Studio Solution File, Format Version 12.00
# Visual Studio Version 17
VisualStudioVersion = 17.13.35825.156 d17.13
MinimumVisualStudioVersion = 10.0.40219.1
Project("{C9674DCB-5085-4A16-B785-4C70DD1589BD}") = "AutomatedFileArchiver", "AutomatedFileArchiver.dtproj", "{1B37C09D-D6E2-B54E-F735-25AFC16CEF06}"
EndProject
Global
	GlobalSection(SolutionConfigurationPlatforms) = preSolution
		Development|Default = Development|Default
	EndGlobalSection
	GlobalSection(ProjectConfigurationPlatforms) = postSolution
		{1B37C09D-D6E2-B54E-F735-25AFC16CEF06}.Development|Default.ActiveCfg = Development
		{1B37C09D-D6E2-B54E-F735-25AFC16CEF06}.Development|Default.Build.0 = Development
	EndGlobalSection
	GlobalSection(SolutionProperties) = preSolution
		HideSolutionNode = FALSE
	EndGlobalSection
	GlobalSection(ExtensibilityGlobals) = postSolution
		SolutionGuid = {B253B363-8FA1-475E-9D14-9FDFE9684084}
	EndGlobalSection
EndGlobal
